
Microsoft Visual Studio Solution File, Format Version 12.00
# Visual Studio Version 17
VisualStudioVersion = 17.3.32811.315
MinimumVisualStudioVersion = 10.0.40219.1
Project("{FAE04EC0-301F-11D3-BF4B-00C04F79EFBC}") = "TgBotAcc", "TgBotAcc.csproj", "{B44C3118-C913-497F-8F6D-56E6E9AE38BE}"
EndProject
Global
	GlobalSection(SolutionConfigurationPlatforms) = preSolution
		Debug|Any CPU = Debug|Any CPU
		Release|Any CPU = Release|Any CPU
	EndGlobalSection
	GlobalSection(ProjectConfigurationPlatforms) = postSolution
		{B44C3118-C913-497F-8F6D-56E6E9AE38BE}.Debug|Any CPU.ActiveCfg = Debug|Any CPU
		{B44C3118-C913-497F-8F6D-56E6E9AE38BE}.Debug|Any CPU.Build.0 = Debug|Any CPU
		{B44C3118-C913-497F-8F6D-56E6E9AE38BE}.Release|Any CPU.ActiveCfg = Release|Any CPU
		{B44C3118-C913-497F-8F6D-56E6E9AE38BE}.Release|Any CPU.Build.0 = Release|Any CPU
	EndGlobalSection
	GlobalSection(SolutionProperties) = preSolution
		HideSolutionNode = FALSE
	EndGlobalSection
	GlobalSection(ExtensibilityGlobals) = postSolution
		SolutionGuid = {B0E9ED7C-0301-4659-B9AD-0402A7878E77}
	EndGlobalSection
EndGlobal
